# Quartus revision for a Cyclone IV E board. Same sources as the MAX II
# revision (crsf2pwm.qsf), different device and pins.
#
# Device: EP4CE6F17C8, the 256-pin BGA EP4CE6 (no visible leads). The
# speed grade (C6/C7/C8) only changes the timing model; the design has
# 12 ns of slack at C8, so any of them works. Pins on this package are
# named like PIN_E1; the 50 MHz oscillator pin is board specific and
# still to be confirmed.
#
# Compile:  quartus_sh --flow compile crsf2pwm -c crsf2pwm_c4
# Program:  quartus_pgm -m jtag -o "p;output_files/crsf2pwm_c4.sof"
#           A .sof lives until power-off. For the car, convert it to a .jic
#           for the board's configuration flash (File > Convert Programming
#           Files) and program that instead.

set_global_assignment -name FAMILY "Cyclone IV E"
set_global_assignment -name DEVICE EP4CE6F17C8
set_global_assignment -name TOP_LEVEL_ENTITY crsf2pwm_top
set_global_assignment -name PROJECT_OUTPUT_DIRECTORY output_files

set_global_assignment -name VERILOG_INPUT_VERSION SYSTEMVERILOG_2005

# Sources, paths relative to this directory
set_global_assignment -name SYSTEMVERILOG_FILE ../rtl/crsf2pwm_top.sv
set_global_assignment -name SYSTEMVERILOG_FILE ../rtl/uart_rx.sv
set_global_assignment -name SYSTEMVERILOG_FILE ../rtl/crc8.sv
set_global_assignment -name SYSTEMVERILOG_FILE ../rtl/crsf_parser.sv
set_global_assignment -name SYSTEMVERILOG_FILE ../rtl/pwm_timebase.sv
set_global_assignment -name SYSTEMVERILOG_FILE ../rtl/pwm_chan.sv
set_global_assignment -name SYSTEMVERILOG_FILE ../rtl/pwm_out.sv
set_global_assignment -name SDC_FILE crsf2pwm.sdc

# Unused pins: input with weak pull-up instead of output driving ground.
# Safe for a board where SDRAM, LEDs and headers hang on the pins.
set_global_assignment -name RESERVE_ALL_UNUSED_PINS "AS INPUT TRI-STATED WITH WEAK PULL-UP"
set_instance_assignment -name IO_STANDARD "3.3-V LVTTL" -to *

# Board-specific settings to confirm from the board documentation:
# the configuration flash type decides the .jic conversion later.
# set_global_assignment -name CYCLONEIII_CONFIGURATION_DEVICE EPCS16

# Pin assignments, see docs/pinout.md. The board is a clone of the ALINX
# AX4010, pins from its documentation: 50 MHz oscillator on E1 (a dedicated
# clock input), LEDs D9 C9 F9 E10, headers are plain GPIO.
set_location_assignment PIN_E1 -to clk
# Right header seen from the bottom: pin 3, 5, 7; GND on pin 1.
set_location_assignment PIN_T14 -to rx
set_location_assignment PIN_T13 -to steer
set_location_assignment PIN_T12 -to throttle
# Status LEDs, LED0..LED3 on the board
set_location_assignment PIN_D9  -to led[0]
set_location_assignment PIN_C9  -to led[1]
set_location_assignment PIN_F9  -to led[2]
set_location_assignment PIN_E10 -to led[3]

set_global_assignment -name LAST_QUARTUS_VERSION "25.1std.0 Lite Edition"